
Microsoft Visual Studio Solution File, Format Version 12.00
# Visual Studio 2013
VisualStudioVersion = 12.0.21005.1
MinimumVisualStudioVersion = 10.0.40219.1
Project("{E24C65DC-7377-472B-9ABA-BC803B73C61A}") = "PocOffice(2)", "http://localhost:63635", "{01EB05A0-19F0-42C7-AD49-793EA21074A5}"
	ProjectSection(WebsiteProperties) = preProject
		UseIISExpress = "true"
		TargetFrameworkMoniker = ".NETFramework,Version%3Dv4.0"
		ProjectReferences = ""
		Debug.AspNetCompiler.VirtualPath = "/localhost_63635"
		Debug.AspNetCompiler.PhysicalPath = "PocOffice\"
		Debug.AspNetCompiler.TargetPath = "PrecompiledWeb\localhost_63635\"
		Debug.AspNetCompiler.Updateable = "true"
		Debug.AspNetCompiler.ForceOverwrite = "true"
		Debug.AspNetCompiler.FixedNames = "false"
		Debug.AspNetCompiler.Debug = "True"
		Release.AspNetCompiler.VirtualPath = "/localhost_63635"
		Release.AspNetCompiler.PhysicalPath = "PocOffice\"
		Release.AspNetCompiler.TargetPath = "PrecompiledWeb\localhost_63635\"
		Release.AspNetCompiler.Updateable = "true"
		Release.AspNetCompiler.ForceOverwrite = "true"
		Release.AspNetCompiler.FixedNames = "false"
		Release.AspNetCompiler.Debug = "False"
		SlnRelativePath = "PocOffice\"
		DefaultWebSiteLanguage = "Visual Basic"
	EndProjectSection
EndProject
Project("{F184B08F-C81C-45F6-A57F-5ABD9991F28F}") = "DataAccess", "DataAccess\DataAccess.vbproj", "{785A77F8-21FA-4B98-85AF-509F4C1ABF19}"
EndProject
Global
	GlobalSection(SolutionConfigurationPlatforms) = preSolution
		Debug|Any CPU = Debug|Any CPU
		Release|Any CPU = Release|Any CPU
	EndGlobalSection
	GlobalSection(ProjectConfigurationPlatforms) = postSolution
		{01EB05A0-19F0-42C7-AD49-793EA21074A5}.Debug|Any CPU.ActiveCfg = Debug|Any CPU
		{01EB05A0-19F0-42C7-AD49-793EA21074A5}.Debug|Any CPU.Build.0 = Debug|Any CPU
		{01EB05A0-19F0-42C7-AD49-793EA21074A5}.Debug|Any CPU.Deploy.0 = Debug|Any CPU
		{01EB05A0-19F0-42C7-AD49-793EA21074A5}.Release|Any CPU.ActiveCfg = Debug|Any CPU
		{01EB05A0-19F0-42C7-AD49-793EA21074A5}.Release|Any CPU.Build.0 = Debug|Any CPU
		{785A77F8-21FA-4B98-85AF-509F4C1ABF19}.Debug|Any CPU.ActiveCfg = Debug|Any CPU
		{785A77F8-21FA-4B98-85AF-509F4C1ABF19}.Debug|Any CPU.Deploy.0 = Debug|Any CPU
		{785A77F8-21FA-4B98-85AF-509F4C1ABF19}.Release|Any CPU.ActiveCfg = Release|Any CPU
	EndGlobalSection
	GlobalSection(SolutionProperties) = preSolution
		HideSolutionNode = FALSE
	EndGlobalSection
EndGlobal
